
Microsoft Visual Studio Solution File, Format Version 12.00
# Visual Studio Version 17
VisualStudioVersion = 17.5.002.0
MinimumVisualStudioVersion = 10.0.40219.1
Project("{9A19103F-16F7-4668-BE54-9A1E7A4F7556}") = "ServerlessAPI", "ServerlessAPI.csproj", "{67AEA5BC-85BC-4A6D-BA63-6FC4EA09B917}"
EndProject
Global
	GlobalSection(SolutionConfigurationPlatforms) = preSolution
		Debug|Any CPU = Debug|Any CPU
		Release|Any CPU = Release|Any CPU
	EndGlobalSection
	GlobalSection(ProjectConfigurationPlatforms) = postSolution
		{67AEA5BC-85BC-4A6D-BA63-6FC4EA09B917}.Debug|Any CPU.ActiveCfg = Debug|Any CPU
		{67AEA5BC-85BC-4A6D-BA63-6FC4EA09B917}.Debug|Any CPU.Build.0 = Debug|Any CPU
		{67AEA5BC-85BC-4A6D-BA63-6FC4EA09B917}.Release|Any CPU.ActiveCfg = Release|Any CPU
		{67AEA5BC-85BC-4A6D-BA63-6FC4EA09B917}.Release|Any CPU.Build.0 = Release|Any CPU
	EndGlobalSection
	GlobalSection(SolutionProperties) = preSolution
		HideSolutionNode = FALSE
	EndGlobalSection
	GlobalSection(ExtensibilityGlobals) = postSolution
		SolutionGuid = {61EA2029-4A7E-4A1E-BD72-9621F7F9D7AA}
	EndGlobalSection
EndGlobal
